// !$*UTF8*$!
{
	archiveVersion = 1;
	classes = {
	};
	objectVersion = 46;
	objects = {

/* Begin PBXBuildFile section */
		8B503E1D1978F6DE00897583 /* AppDelegate.swift in Sources */ = {isa = PBXBuildFile; fileRef = 8B503E1C1978F6DE00897583 /* AppDelegate.swift */; };
		8B503E1F1978F6DE00897583 /* ViewController.swift in Sources */ = {isa = PBXBuildFile; fileRef = 8B503E1E1978F6DE00897583 /* ViewController.swift */; };
		8B503E221978F6DE00897583 /* Main.storyboard in Resources */ = {isa = PBXBuildFile; fileRef = 8B503E201978F6DE00897583 /* Main.storyboard */; };
		8B503E241978F6DE00897583 /* Images.xcassets in Resources */ = {isa = PBXBuildFile; fileRef = 8B503E231978F6DE00897583 /* Images.xcassets */; };
		8B503E301978F6DE00897583 /* SwiftBlurEffectTests.swift in Sources */ = {isa = PBXBuildFile; fileRef = 8B503E2F1978F6DE00897583 /* SwiftBlurEffectTests.swift */; };
/* End PBXBuildFile section */

/* Begin PBXContainerItemProxy section */
		8B503E2A1978F6DE00897583 /* PBXContainerItemProxy */ = {
			isa = PBXContainerItemProxy;
			containerPortal = 8B503E0F1978F6DE00897583 /* Project object */;
			proxyType = 1;
			remoteGlobalIDString = 8B503E161978F6DE00897583;
			remoteInfo = SwiftBlurEffect;
		};
/* End PBXContainerItemProxy section */

/* Begin PBXFileReference section */
		8B503E171978F6DE00897583 /* SwiftBlurEffect.app */ = {isa = PBXFileReference; explicitFileType = wrapper.application; includeInIndex = 0; path = SwiftBlurEffect.app; sourceTree = BUILT_PRODUCTS_DIR; };
		8B503E1B1978F6DE00897583 /* Info.plist */ = {isa = PBXFileReference; lastKnownFileType = text.plist.xml; path = Info.plist; sourceTree = "<group>"; };
		8B503E1C1978F6DE00897583 /* AppDelegate.swift */ = {isa = PBXFileReference; lastKnownFileType = sourcecode.swift; path = AppDelegate.swift; sourceTree = "<group>"; };
		8B503E1E1978F6DE00897583 /* ViewController.swift */ = {isa = PBXFileReference; lastKnownFileType = sourcecode.swift; path = ViewController.swift; sourceTree = "<group>"; };
		8B503E211978F6DE00897583 /* Base */ = {isa = PBXFileReference; lastKnownFileType = file.storyboard; name = Base; path = Base.lproj/Main.storyboard; sourceTree = "<group>"; };
		8B503E231978F6DE00897583 /* Images.xcassets */ = {isa = PBXFileReference; lastKnownFileType = folder.assetcatalog; path = Images.xcassets; sourceTree = "<group>"; };
		8B503E291978F6DE00897583 /* SwiftBlurEffectTests.xctest */ = {isa = PBXFileReference; explicitFileType = wrapper.cfbundle; includeInIndex = 0; path = SwiftBlurEffectTests.xctest; sourceTree = BUILT_PRODUCTS_DIR; };
		8B503E2E1978F6DE00897583 /* Info.plist */ = {isa = PBXFileReference; lastKnownFileType = text.plist.xml; path = Info.plist; sourceTree = "<group>"; };
		8B503E2F1978F6DE00897583 /* SwiftBlurEffectTests.swift */ = {isa = PBXFileReference; lastKnownFileType = sourcecode.swift; path = SwiftBlurEffectTests.swift; sourceTree = "<group>"; };
/* End PBXFileReference section */

/* Begin PBXFrameworksBuildPhase section */
		8B503E141978F6DE00897583 /* Frameworks */ = {
			isa = PBXFrameworksBuildPhase;
			buildActionMask = 2147483647;
			files = (
			);
			runOnlyForDeploymentPostprocessing = 0;
		};
		8B503E261978F6DE00897583 /* Frameworks */ = {
			isa = PBXFrameworksBuildPhase;
			buildActionMask = 2147483647;
			files = (
			);
			runOnlyForDeploymentPostprocessing = 0;
		};
/* End PBXFrameworksBuildPhase section */

/* Begin PBXGroup section */
		8B503E0E1978F6DE00897583 = {
			isa = PBXGroup;
			children = (
				8B503E191978F6DE00897583 /* SwiftBlurEffect */,
				8B503E2C1978F6DE00897583 /* SwiftBlurEffectTests */,
				8B503E181978F6DE00897583 /* Products */,
			);
			sourceTree = "<group>";
		};
		8B503E181978F6DE00897583 /* Products */ = {
			isa = PBXGroup;
			children = (
				8B503E171978F6DE00897583 /* SwiftBlurEffect.app */,
				8B503E291978F6DE00897583 /* SwiftBlurEffectTests.xctest */,
			);
			name = Products;
			sourceTree = "<group>";
		};
		8B503E191978F6DE00897583 /* SwiftBlurEffect */ = {
			isa = PBXGroup;
			children = (
				8B503E1C1978F6DE00897583 /* AppDelegate.swift */,
				8B503E1E1978F6DE00897583 /* ViewController.swift */,
				8B503E201978F6DE00897583 /* Main.storyboard */,
				8B503E231978F6DE00897583 /* Images.xcassets */,
				8B503E1A1978F6DE00897583 /* Supporting Files */,
			);
			path = SwiftBlurEffect;
			sourceTree = "<group>";
		};
		8B503E1A1978F6DE00897583 /* Supporting Files */ = {
			isa = PBXGroup;
			children = (
				8B503E1B1978F6DE00897583 /* Info.plist */,
			);
			name = "Supporting Files";
			sourceTree = "<group>";
		};
		8B503E2C1978F6DE00897583 /* SwiftBlurEffectTests */ = {
			isa = PBXGroup;
			children = (
				8B503E2F1978F6DE00897583 /* SwiftBlurEffectTests.swift */,
				8B503E2D1978F6DE00897583 /* Supporting Files */,
			);
			path = SwiftBlurEffectTests;
			sourceTree = "<group>";
		};
		8B503E2D1978F6DE00897583 /* Supporting Files */ = {
			isa = PBXGroup;
			children = (
				8B503E2E1978F6DE00897583 /* Info.plist */,
			);
			name = "Supporting Files";
			sourceTree = "<group>";
		};
/* End PBXGroup section */

/* Begin PBXNativeTarget section */
		8B503E161978F6DE00897583 /* SwiftBlurEffect */ = {
			isa = PBXNativeTarget;
			buildConfigurationList = 8B503E331978F6DE00897583 /* Build configuration list for PBXNativeTarget "SwiftBlurEffect" */;
			buildPhases = (
				8B503E131978F6DE00897583 /* Sources */,
				8B503E141978F6DE00897583 /* Frameworks */,
				8B503E151978F6DE00897583 /* Resources */,
			);
			buildRules = (
			);
			dependencies = (
			);
			name = SwiftBlurEffect;
			productName = SwiftBlurEffect;
			productReference = 8B503E171978F6DE00897583 /* SwiftBlurEffect.app */;
			productType = "com.apple.product-type.application";
		};
		8B503E281978F6DE00897583 /* SwiftBlurEffectTests */ = {
			isa = PBXNativeTarget;
			buildConfigurationList = 8B503E361978F6DE00897583 /* Build configuration list for PBXNativeTarget "SwiftBlurEffectTests" */;
			buildPhases = (
				8B503E251978F6DE00897583 /* Sources */,
				8B503E261978F6DE00897583 /* Frameworks */,
				8B503E271978F6DE00897583 /* Resources */,
			);
			buildRules = (
			);
			dependencies = (
				8B503E2B1978F6DE00897583 /* PBXTargetDependency */,
			);
			name = SwiftBlurEffectTests;
			productName = SwiftBlurEffectTests;
			productReference = 8B503E291978F6DE00897583 /* SwiftBlurEffectTests.xctest */;
			productType = "com.apple.product-type.bundle.unit-test";
		};
/* End PBXNativeTarget section */

/* Begin PBXProject section */
		8B503E0F1978F6DE00897583 /* Project object */ = {
			isa = PBXProject;
			attributes = {
				LastUpgradeCheck = 0600;
				ORGANIZATIONNAME = "SolutionAnalysts Pvt. Ltd.";
				TargetAttributes = {
					8B503E161978F6DE00897583 = {
						CreatedOnToolsVersion = 6.0;
					};
					8B503E281978F6DE00897583 = {
						CreatedOnToolsVersion = 6.0;
						TestTargetID = 8B503E161978F6DE00897583;
					};
				};
			};
			buildConfigurationList = 8B503E121978F6DE00897583 /* Build configuration list for PBXProject "SwiftBlurEffect" */;
			compatibilityVersion = "Xcode 3.2";
			developmentRegion = English;
			hasScannedForEncodings = 0;
			knownRegions = (
				en,
				Base,
			);
			mainGroup = 8B503E0E1978F6DE00897583;
			productRefGroup = 8B503E181978F6DE00897583 /* Products */;
			projectDirPath = "";
			projectRoot = "";
			targets = (
				8B503E161978F6DE00897583 /* SwiftBlurEffect */,
				8B503E281978F6DE00897583 /* SwiftBlurEffectTests */,
			);
		};
/* End PBXProject section */

/* Begin PBXResourcesBuildPhase section */
		8B503E151978F6DE00897583 /* Resources */ = {
			isa = PBXResourcesBuildPhase;
			buildActionMask = 2147483647;
			files = (
				8B503E221978F6DE00897583 /* Main.storyboard in Resources */,
				8B503E241978F6DE00897583 /* Images.xcassets in Resources */,
			);
			runOnlyForDeploymentPostprocessing = 0;
		};
		8B503E271978F6DE00897583 /* Resources */ = {
			isa = PBXResourcesBuildPhase;
			buildActionMask = 2147483647;
			files = (
			);
			runOnlyForDeploymentPostprocessing = 0;
		};
/* End PBXResourcesBuildPhase section */

/* Begin PBXSourcesBuildPhase section */
		8B503E131978F6DE00897583 /* Sources */ = {
			isa = PBXSourcesBuildPhase;
			buildActionMask = 2147483647;
			files = (
				8B503E1F1978F6DE00897583 /* ViewController.swift in Sources */,
				8B503E1D1978F6DE00897583 /* AppDelegate.swift in Sources */,
			);
			runOnlyForDeploymentPostprocessing = 0;
		};
		8B503E251978F6DE00897583 /* Sources */ = {
			isa = PBXSourcesBuildPhase;
			buildActionMask = 2147483647;
			files = (
				8B503E301978F6DE00897583 /* SwiftBlurEffectTests.swift in Sources */,
			);
			runOnlyForDeploymentPostprocessing = 0;
		};
/* End PBXSourcesBuildPhase section */

/* Begin PBXTargetDependency section */
		8B503E2B1978F6DE00897583 /* PBXTargetDependency */ = {
			isa = PBXTargetDependency;
			target = 8B503E161978F6DE00897583 /* SwiftBlurEffect */;
			targetProxy = 8B503E2A1978F6DE00897583 /* PBXContainerItemProxy */;
		};
/* End PBXTargetDependency section */

/* Begin PBXVariantGroup section */
		8B503E201978F6DE00897583 /* Main.storyboard */ = {
			isa = PBXVariantGroup;
			children = (
				8B503E211978F6DE00897583 /* Base */,
			);
			name = Main.storyboard;
			sourceTree = "<group>";
		};
/* End PBXVariantGroup section */

/* Begin XCBuildConfiguration section */
		8B503E311978F6DE00897583 /* Debug */ = {
			isa = XCBuildConfiguration;
			buildSettings = {
				ALWAYS_SEARCH_USER_PATHS = NO;
				CLANG_CXX_LANGUAGE_STANDARD = "gnu++0x";
				CLANG_CXX_LIBRARY = "libc++";
				CLANG_ENABLE_MODULES = YES;
				CLANG_ENABLE_OBJC_ARC = YES;
				CLANG_WARN_BOOL_CONVERSION = YES;
				CLANG_WARN_CONSTANT_CONVERSION = YES;
				CLANG_WARN_DIRECT_OBJC_ISA_USAGE = YES_ERROR;
				CLANG_WARN_EMPTY_BODY = YES;
				CLANG_WARN_ENUM_CONVERSION = YES;
				CLANG_WARN_INT_CONVERSION = YES;
				CLANG_WARN_OBJC_ROOT_CLASS = YES_ERROR;
				CLANG_WARN_UNREACHABLE_CODE = YES;
				CLANG_WARN__DUPLICATE_METHOD_MATCH = YES;
				"CODE_SIGN_IDENTITY[sdk=iphoneos*]" = "iPhone Developer";
				COPY_PHASE_STRIP = NO;
				ENABLE_STRICT_OBJC_MSGSEND = YES;
				GCC_C_LANGUAGE_STANDARD = gnu99;
				GCC_DYNAMIC_NO_PIC = NO;
				GCC_OPTIMIZATION_LEVEL = 0;
				GCC_PREPROCESSOR_DEFINITIONS = (
					"DEBUG=1",
					"$(inherited)",
				);
				GCC_SYMBOLS_PRIVATE_EXTERN = NO;
				GCC_WARN_64_TO_32_BIT_CONVERSION = YES;
				GCC_WARN_ABOUT_RETURN_TYPE = YES_ERROR;
				GCC_WARN_UNDECLARED_SELECTOR = YES;
				GCC_WARN_UNINITIALIZED_AUTOS = YES_AGGRESSIVE;
				GCC_WARN_UNUSED_FUNCTION = YES;
				GCC_WARN_UNUSED_VARIABLE = YES;
				IPHONEOS_DEPLOYMENT_TARGET = 8.0;
				METAL_ENABLE_DEBUG_INFO = YES;
				ONLY_ACTIVE_ARCH = YES;
				SDKROOT = iphoneos;
				SWIFT_OPTIMIZATION_LEVEL = "-Onone";
			};
			name = Debug;
		};
		8B503E321978F6DE00897583 /* Release */ = {
			isa = XCBuildConfiguration;
			buildSettings = {
				ALWAYS_SEARCH_USER_PATHS = NO;
				CLANG_CXX_LANGUAGE_STANDARD = "gnu++0x";
				CLANG_CXX_LIBRARY = "libc++";
				CLANG_ENABLE_MODULES = YES;
				CLANG_ENABLE_OBJC_ARC = YES;
				CLANG_WARN_BOOL_CONVERSION = YES;
				CLANG_WARN_CONSTANT_CONVERSION = YES;
				CLANG_WARN_DIRECT_OBJC_ISA_USAGE = YES_ERROR;
				CLANG_WARN_EMPTY_BODY = YES;
				CLANG_WARN_ENUM_CONVERSION = YES;
				CLANG_WARN_INT_CONVERSION = YES;
				CLANG_WARN_OBJC_ROOT_CLASS = YES_ERROR;
				CLANG_WARN_UNREACHABLE_CODE = YES;
				CLANG_WARN__DUPLICATE_METHOD_MATCH = YES;
				"CODE_SIGN_IDENTITY[sdk=iphoneos*]" = "iPhone Developer";
				COPY_PHASE_STRIP = YES;
				ENABLE_NS_ASSERTIONS = NO;
				ENABLE_STRICT_OBJC_MSGSEND = YES;
				GCC_C_LANGUAGE_STANDARD = gnu99;
				GCC_WARN_64_TO_32_BIT_CONVERSION = YES;
				GCC_WARN_ABOUT_RETURN_TYPE = YES_ERROR;
				GCC_WARN_UNDECLARED_SELECTOR = YES;
				GCC_WARN_UNINITIALIZED_AUTOS = YES_AGGRESSIVE;
				GCC_WARN_UNUSED_FUNCTION = YES;
				GCC_WARN_UNUSED_VARIABLE = YES;
				IPHONEOS_DEPLOYMENT_TARGET = 8.0;
				METAL_ENABLE_DEBUG_INFO = NO;
				SDKROOT = iphoneos;
				VALIDATE_PRODUCT = YES;
			};
			name = Release;
		};
		8B503E341978F6DE00897583 /* Debug */ = {
			isa = XCBuildConfiguration;
			buildSettings = {
				ASSETCATALOG_COMPILER_APPICON_NAME = AppIcon;
				ASSETCATALOG_COMPILER_LAUNCHIMAGE_NAME = LaunchImage;
				INFOPLIST_FILE = SwiftBlurEffect/Info.plist;
				LD_RUNPATH_SEARCH_PATHS = "$(inherited) @executable_path/Frameworks";
				PRODUCT_NAME = "$(TARGET_NAME)";
			};
			name = Debug;
		};
		8B503E351978F6DE00897583 /* Release */ = {
			isa = XCBuildConfiguration;
			buildSettings = {
				ASSETCATALOG_COMPILER_APPICON_NAME = AppIcon;
				ASSETCATALOG_COMPILER_LAUNCHIMAGE_NAME = LaunchImage;
				INFOPLIST_FILE = SwiftBlurEffect/Info.plist;
				LD_RUNPATH_SEARCH_PATHS = "$(inherited) @executable_path/Frameworks";
				PRODUCT_NAME = "$(TARGET_NAME)";
			};
			name = Release;
		};
		8B503E371978F6DE00897583 /* Debug */ = {
			isa = XCBuildConfiguration;
			buildSettings = {
				BUNDLE_LOADER = "$(BUILT_PRODUCTS_DIR)/SwiftBlurEffect.app/SwiftBlurEffect";
				FRAMEWORK_SEARCH_PATHS = (
					"$(SDKROOT)/Developer/Library/Frameworks",
					"$(inherited)",
				);
				GCC_PREPROCESSOR_DEFINITIONS = (
					"DEBUG=1",
					"$(inherited)",
				);
				INFOPLIST_FILE = SwiftBlurEffectTests/Info.plist;
				LD_RUNPATH_SEARCH_PATHS = "$(inherited) @executable_path/Frameworks @loader_path/Frameworks";
				METAL_ENABLE_DEBUG_INFO = YES;
				PRODUCT_NAME = "$(TARGET_NAME)";
				TEST_HOST = "$(BUNDLE_LOADER)";
			};
			name = Debug;
		};
		8B503E381978F6DE00897583 /* Release */ = {
			isa = XCBuildConfiguration;
			buildSettings = {
				BUNDLE_LOADER = "$(BUILT_PRODUCTS_DIR)/SwiftBlurEffect.app/SwiftBlurEffect";
				FRAMEWORK_SEARCH_PATHS = (
					"$(SDKROOT)/Developer/Library/Frameworks",
					"$(inherited)",
				);
				INFOPLIST_FILE = SwiftBlurEffectTests/Info.plist;
				LD_RUNPATH_SEARCH_PATHS = "$(inherited) @executable_path/Frameworks @loader_path/Frameworks";
				METAL_ENABLE_DEBUG_INFO = NO;
				PRODUCT_NAME = "$(TARGET_NAME)";
				TEST_HOST = "$(BUNDLE_LOADER)";
			};
			name = Release;
		};
/* End XCBuildConfiguration section */

/* Begin XCConfigurationList section */
		8B503E121978F6DE00897583 /* Build configuration list for PBXProject "SwiftBlurEffect" */ = {
			isa = XCConfigurationList;
			buildConfigurations = (
				8B503E311978F6DE00897583 /* Debug */,
				8B503E321978F6DE00897583 /* Release */,
			);
			defaultConfigurationIsVisible = 0;
			defaultConfigurationName = Release;
		};
		8B503E331978F6DE00897583 /* Build configuration list for PBXNativeTarget "SwiftBlurEffect" */ = {
			isa = XCConfigurationList;
			buildConfigurations = (
				8B503E341978F6DE00897583 /* Debug */,
				8B503E351978F6DE00897583 /* Release */,
			);
			defaultConfigurationIsVisible = 0;
		};
		8B503E361978F6DE00897583 /* Build configuration list for PBXNativeTarget "SwiftBlurEffectTests" */ = {
			isa = XCConfigurationList;
			buildConfigurations = (
				8B503E371978F6DE00897583 /* Debug */,
				8B503E381978F6DE00897583 /* Release */,
			);
			defaultConfigurationIsVisible = 0;
		};
/* End XCConfigurationList section */
	};
	rootObject = 8B503E0F1978F6DE00897583 /* Project object */;
}
